
Microsoft Visual Studio Solution File, Format Version 12.00
Project("{FAE04EC0-301F-11D3-BF4B-00C04F79EFBC}") = "Lens", "Source\Lens.csproj", "{240C0C2C-2416-4496-906B-0A3E32141DC7}"
EndProject
Global
	GlobalSection(SolutionConfigurationPlatforms) = preSolution
		Debug|Any CPU = Debug|Any CPU
		Release|Any CPU = Release|Any CPU
	EndGlobalSection
	GlobalSection(ProjectConfigurationPlatforms) = postSolution
		{240C0C2C-2416-4496-906B-0A3E32141DC7}.Debug|Any CPU.ActiveCfg = Debug|Any CPU
		{240C0C2C-2416-4496-906B-0A3E32141DC7}.Debug|Any CPU.Build.0 = Debug|Any CPU
		{240C0C2C-2416-4496-906B-0A3E32141DC7}.Release|Any CPU.ActiveCfg = Release|Any CPU
		{240C0C2C-2416-4496-906B-0A3E32141DC7}.Release|Any CPU.Build.0 = Release|Any CPU
	EndGlobalSection
EndGlobal
